
Microsoft Visual Studio Solution File, Format Version 12.00
# Visual Studio 2013
VisualStudioVersion = 12.0.21005.1
MinimumVisualStudioVersion = 10.0.40219.1
Project("{FAE04EC0-301F-11D3-BF4B-00C04F79EFBC}") = "PinEverything.Web", "PinEverything.Web\PinEverything.Web.csproj", "{E2191370-F1FD-46E9-985F-2F4A7399AD13}"
EndProject
Project("{FAE04EC0-301F-11D3-BF4B-00C04F79EFBC}") = "PinEverything.Data", "PinEverything.Data\PinEverything.Data.csproj", "{D27DEB8D-7E0F-4CE0-9BB6-96F3EC2C22FC}"
EndProject
Project("{FAE04EC0-301F-11D3-BF4B-00C04F79EFBC}") = "PinEverything.Entites", "PinEverything.Entites\PinEverything.Entites.csproj", "{0C4BE350-F5CD-466F-9519-FC50CF6AACA4}"
EndProject
Project("{FAE04EC0-301F-11D3-BF4B-00C04F79EFBC}") = "PinEverything.Services", "PinEverything.Services\PinEverything.Services.csproj", "{FF35E308-3B78-4911-8D71-B24CE5F2027B}"
EndProject
Project("{2150E333-8FDC-42A3-9474-1A3956D46DE8}") = "Application", "Application", "{C4139078-EAE3-4843-895A-84E701C6C7B2}"
EndProject
Project("{2150E333-8FDC-42A3-9474-1A3956D46DE8}") = "Libraries", "Libraries", "{9A37F222-A0AD-49D7-B0A3-7FEB4F1D176C}"
EndProject
Project("{FAE04EC0-301F-11D3-BF4B-00C04F79EFBC}") = "PinEveryThing.Common", "PinEveryThing.Common\PinEveryThing.Common.csproj", "{98F2D5B3-3A79-4EA5-BBB1-84EE2F11B677}"
EndProject
Global
	GlobalSection(SolutionConfigurationPlatforms) = preSolution
		Debug|Any CPU = Debug|Any CPU
		Release|Any CPU = Release|Any CPU
	EndGlobalSection
	GlobalSection(ProjectConfigurationPlatforms) = postSolution
		{E2191370-F1FD-46E9-985F-2F4A7399AD13}.Debug|Any CPU.ActiveCfg = Debug|Any CPU
		{E2191370-F1FD-46E9-985F-2F4A7399AD13}.Debug|Any CPU.Build.0 = Debug|Any CPU
		{E2191370-F1FD-46E9-985F-2F4A7399AD13}.Release|Any CPU.ActiveCfg = Release|Any CPU
		{E2191370-F1FD-46E9-985F-2F4A7399AD13}.Release|Any CPU.Build.0 = Release|Any CPU
		{D27DEB8D-7E0F-4CE0-9BB6-96F3EC2C22FC}.Debug|Any CPU.ActiveCfg = Debug|Any CPU
		{D27DEB8D-7E0F-4CE0-9BB6-96F3EC2C22FC}.Debug|Any CPU.Build.0 = Debug|Any CPU
		{D27DEB8D-7E0F-4CE0-9BB6-96F3EC2C22FC}.Release|Any CPU.ActiveCfg = Release|Any CPU
		{D27DEB8D-7E0F-4CE0-9BB6-96F3EC2C22FC}.Release|Any CPU.Build.0 = Release|Any CPU
		{0C4BE350-F5CD-466F-9519-FC50CF6AACA4}.Debug|Any CPU.ActiveCfg = Debug|Any CPU
		{0C4BE350-F5CD-466F-9519-FC50CF6AACA4}.Debug|Any CPU.Build.0 = Debug|Any CPU
		{0C4BE350-F5CD-466F-9519-FC50CF6AACA4}.Release|Any CPU.ActiveCfg = Release|Any CPU
		{0C4BE350-F5CD-466F-9519-FC50CF6AACA4}.Release|Any CPU.Build.0 = Release|Any CPU
		{FF35E308-3B78-4911-8D71-B24CE5F2027B}.Debug|Any CPU.ActiveCfg = Debug|Any CPU
		{FF35E308-3B78-4911-8D71-B24CE5F2027B}.Debug|Any CPU.Build.0 = Debug|Any CPU
		{FF35E308-3B78-4911-8D71-B24CE5F2027B}.Release|Any CPU.ActiveCfg = Release|Any CPU
		{FF35E308-3B78-4911-8D71-B24CE5F2027B}.Release|Any CPU.Build.0 = Release|Any CPU
		{98F2D5B3-3A79-4EA5-BBB1-84EE2F11B677}.Debug|Any CPU.ActiveCfg = Debug|Any CPU
		{98F2D5B3-3A79-4EA5-BBB1-84EE2F11B677}.Debug|Any CPU.Build.0 = Debug|Any CPU
		{98F2D5B3-3A79-4EA5-BBB1-84EE2F11B677}.Release|Any CPU.ActiveCfg = Release|Any CPU
		{98F2D5B3-3A79-4EA5-BBB1-84EE2F11B677}.Release|Any CPU.Build.0 = Release|Any CPU
	EndGlobalSection
	GlobalSection(SolutionProperties) = preSolution
		HideSolutionNode = FALSE
	EndGlobalSection
	GlobalSection(NestedProjects) = preSolution
		{E2191370-F1FD-46E9-985F-2F4A7399AD13} = {C4139078-EAE3-4843-895A-84E701C6C7B2}
		{0C4BE350-F5CD-466F-9519-FC50CF6AACA4} = {9A37F222-A0AD-49D7-B0A3-7FEB4F1D176C}
		{FF35E308-3B78-4911-8D71-B24CE5F2027B} = {9A37F222-A0AD-49D7-B0A3-7FEB4F1D176C}
		{D27DEB8D-7E0F-4CE0-9BB6-96F3EC2C22FC} = {9A37F222-A0AD-49D7-B0A3-7FEB4F1D176C}
		{98F2D5B3-3A79-4EA5-BBB1-84EE2F11B677} = {9A37F222-A0AD-49D7-B0A3-7FEB4F1D176C}
	EndGlobalSection
EndGlobal
